
Microsoft Visual Studio Solution File, Format Version 12.00
# Visual Studio Version 16
VisualStudioVersion = 16.0.31005.135
MinimumVisualStudioVersion = 10.0.40219.1
Project("{FAE04EC0-301F-11D3-BF4B-00C04F79EFBC}") = "NemesusWorld", "NemesusWorld.csproj", "{5A3EE769-3CC8-425C-9970-DD29316719D8}"
EndProject
Global
	GlobalSection(SolutionConfigurationPlatforms) = preSolution
		Debug|Any CPU = Debug|Any CPU
		Release|Any CPU = Release|Any CPU
	EndGlobalSection
	GlobalSection(ProjectConfigurationPlatforms) = postSolution
		{5A3EE769-3CC8-425C-9970-DD29316719D8}.Debug|Any CPU.ActiveCfg = Debug|Any CPU
		{5A3EE769-3CC8-425C-9970-DD29316719D8}.Debug|Any CPU.Build.0 = Debug|Any CPU
		{5A3EE769-3CC8-425C-9970-DD29316719D8}.Release|Any CPU.ActiveCfg = Release|Any CPU
		{5A3EE769-3CC8-425C-9970-DD29316719D8}.Release|Any CPU.Build.0 = Release|Any CPU
	EndGlobalSection
	GlobalSection(SolutionProperties) = preSolution
		HideSolutionNode = FALSE
	EndGlobalSection
	GlobalSection(ExtensibilityGlobals) = postSolution
		SolutionGuid = {59912E5D-F216-4A98-B0B2-5C1EFC25496B}
	EndGlobalSection
EndGlobal
